
Microsoft Visual Studio Solution File, Format Version 12.00
# Visual Studio 2013
VisualStudioVersion = 12.0.40629.0
MinimumVisualStudioVersion = 10.0.40219.1
Project("{8BC9CEB8-8B4A-11D0-8D11-00A0C91BC942}") = "fltmgr", "fltmgr\fltmgr.vcxproj", "{0DDC97CB-55D0-4DDE-8090-C7983684E8AF}"
EndProject
Project("{8BC9CEB8-8B4A-11D0-8D11-00A0C91BC942}") = "ntoskrnl", "ntoskrnl\ntoskrnl.vcxproj", "{29ABF9EB-7559-4280-A7A1-079DA8C9749A}"
EndProject
Project("{8BC9CEB8-8B4A-11D0-8D11-00A0C91BC942}") = "hal", "hal\hal.vcxproj", "{1D58709B-707C-4F06-A70D-8F925B43FD1A}"
EndProject
Project("{8BC9CEB8-8B4A-11D0-8D11-00A0C91BC942}") = "MakeUsermode", "MakeUsermode\MakeUsermode.vcxproj", "{5DFE5858-2BAA-48CB-8DBC-9DA48A9FEB2B}"
EndProject
Project("{8BC9CEB8-8B4A-11D0-8D11-00A0C91BC942}") = "hal32", "hal32\hal32.vcxproj", "{2A3D8091-D2A8-4814-BD83-C42470BD0856}"
EndProject
Global
	GlobalSection(SolutionConfigurationPlatforms) = preSolution
		Debug|Mixed Platforms = Debug|Mixed Platforms
		Debug|Win32 = Debug|Win32
		Debug|x64 = Debug|x64
		Debug|x86 = Debug|x86
		Release|Mixed Platforms = Release|Mixed Platforms
		Release|Win32 = Release|Win32
		Release|x64 = Release|x64
		Release|x86 = Release|x86
	EndGlobalSection
	GlobalSection(ProjectConfigurationPlatforms) = postSolution
		{0DDC97CB-55D0-4DDE-8090-C7983684E8AF}.Debug|Mixed Platforms.ActiveCfg = Debug|Win32
		{0DDC97CB-55D0-4DDE-8090-C7983684E8AF}.Debug|Mixed Platforms.Build.0 = Debug|Win32
		{0DDC97CB-55D0-4DDE-8090-C7983684E8AF}.Debug|Win32.ActiveCfg = Debug|Win32
		{0DDC97CB-55D0-4DDE-8090-C7983684E8AF}.Debug|Win32.Build.0 = Debug|Win32
		{0DDC97CB-55D0-4DDE-8090-C7983684E8AF}.Debug|x64.ActiveCfg = Debug|x64
		{0DDC97CB-55D0-4DDE-8090-C7983684E8AF}.Debug|x64.Build.0 = Debug|x64
		{0DDC97CB-55D0-4DDE-8090-C7983684E8AF}.Debug|x86.ActiveCfg = Debug|Win32
		{0DDC97CB-55D0-4DDE-8090-C7983684E8AF}.Debug|x86.Build.0 = Debug|Win32
		{0DDC97CB-55D0-4DDE-8090-C7983684E8AF}.Release|Mixed Platforms.ActiveCfg = Release|Win32
		{0DDC97CB-55D0-4DDE-8090-C7983684E8AF}.Release|Mixed Platforms.Build.0 = Release|Win32
		{0DDC97CB-55D0-4DDE-8090-C7983684E8AF}.Release|Win32.ActiveCfg = Release|Win32
		{0DDC97CB-55D0-4DDE-8090-C7983684E8AF}.Release|Win32.Build.0 = Release|Win32
		{0DDC97CB-55D0-4DDE-8090-C7983684E8AF}.Release|x64.ActiveCfg = Release|x64
		{0DDC97CB-55D0-4DDE-8090-C7983684E8AF}.Release|x64.Build.0 = Release|x64
		{0DDC97CB-55D0-4DDE-8090-C7983684E8AF}.Release|x86.ActiveCfg = Release|Win32
		{0DDC97CB-55D0-4DDE-8090-C7983684E8AF}.Release|x86.Build.0 = Release|Win32
		{29ABF9EB-7559-4280-A7A1-079DA8C9749A}.Debug|Mixed Platforms.ActiveCfg = Debug|Win32
		{29ABF9EB-7559-4280-A7A1-079DA8C9749A}.Debug|Mixed Platforms.Build.0 = Debug|Win32
		{29ABF9EB-7559-4280-A7A1-079DA8C9749A}.Debug|Win32.ActiveCfg = Debug|Win32
		{29ABF9EB-7559-4280-A7A1-079DA8C9749A}.Debug|Win32.Build.0 = Debug|Win32
		{29ABF9EB-7559-4280-A7A1-079DA8C9749A}.Debug|x64.ActiveCfg = Debug|x64
		{29ABF9EB-7559-4280-A7A1-079DA8C9749A}.Debug|x64.Build.0 = Debug|x64
		{29ABF9EB-7559-4280-A7A1-079DA8C9749A}.Debug|x86.ActiveCfg = Debug|Win32
		{29ABF9EB-7559-4280-A7A1-079DA8C9749A}.Debug|x86.Build.0 = Debug|Win32
		{29ABF9EB-7559-4280-A7A1-079DA8C9749A}.Release|Mixed Platforms.ActiveCfg = Release|Win32
		{29ABF9EB-7559-4280-A7A1-079DA8C9749A}.Release|Mixed Platforms.Build.0 = Release|Win32
		{29ABF9EB-7559-4280-A7A1-079DA8C9749A}.Release|Win32.ActiveCfg = Release|Win32
		{29ABF9EB-7559-4280-A7A1-079DA8C9749A}.Release|Win32.Build.0 = Release|Win32
		{29ABF9EB-7559-4280-A7A1-079DA8C9749A}.Release|x64.ActiveCfg = Release|x64
		{29ABF9EB-7559-4280-A7A1-079DA8C9749A}.Release|x64.Build.0 = Release|x64
		{29ABF9EB-7559-4280-A7A1-079DA8C9749A}.Release|x86.ActiveCfg = Release|Win32
		{29ABF9EB-7559-4280-A7A1-079DA8C9749A}.Release|x86.Build.0 = Release|Win32
		{1D58709B-707C-4F06-A70D-8F925B43FD1A}.Debug|Mixed Platforms.ActiveCfg = Debug|Win32
		{1D58709B-707C-4F06-A70D-8F925B43FD1A}.Debug|Mixed Platforms.Build.0 = Debug|Win32
		{1D58709B-707C-4F06-A70D-8F925B43FD1A}.Debug|Win32.ActiveCfg = Debug|Win32
		{1D58709B-707C-4F06-A70D-8F925B43FD1A}.Debug|Win32.Build.0 = Debug|Win32
		{1D58709B-707C-4F06-A70D-8F925B43FD1A}.Debug|x64.ActiveCfg = Debug|x64
		{1D58709B-707C-4F06-A70D-8F925B43FD1A}.Debug|x64.Build.0 = Debug|x64
		{1D58709B-707C-4F06-A70D-8F925B43FD1A}.Debug|x86.ActiveCfg = Debug|Win32
		{1D58709B-707C-4F06-A70D-8F925B43FD1A}.Debug|x86.Build.0 = Debug|Win32
		{1D58709B-707C-4F06-A70D-8F925B43FD1A}.Release|Mixed Platforms.ActiveCfg = Release|Win32
		{1D58709B-707C-4F06-A70D-8F925B43FD1A}.Release|Mixed Platforms.Build.0 = Release|Win32
		{1D58709B-707C-4F06-A70D-8F925B43FD1A}.Release|Win32.ActiveCfg = Release|Win32
		{1D58709B-707C-4F06-A70D-8F925B43FD1A}.Release|Win32.Build.0 = Release|Win32
		{1D58709B-707C-4F06-A70D-8F925B43FD1A}.Release|x64.ActiveCfg = Release|x64
		{1D58709B-707C-4F06-A70D-8F925B43FD1A}.Release|x64.Build.0 = Release|x64
		{1D58709B-707C-4F06-A70D-8F925B43FD1A}.Release|x86.ActiveCfg = Release|Win32
		{1D58709B-707C-4F06-A70D-8F925B43FD1A}.Release|x86.Build.0 = Release|Win32
		{5DFE5858-2BAA-48CB-8DBC-9DA48A9FEB2B}.Debug|Mixed Platforms.ActiveCfg = Debug|Win32
		{5DFE5858-2BAA-48CB-8DBC-9DA48A9FEB2B}.Debug|Mixed Platforms.Build.0 = Debug|Win32
		{5DFE5858-2BAA-48CB-8DBC-9DA48A9FEB2B}.Debug|Win32.ActiveCfg = Debug|Win32
		{5DFE5858-2BAA-48CB-8DBC-9DA48A9FEB2B}.Debug|Win32.Build.0 = Debug|Win32
		{5DFE5858-2BAA-48CB-8DBC-9DA48A9FEB2B}.Debug|x64.ActiveCfg = Debug|x64
		{5DFE5858-2BAA-48CB-8DBC-9DA48A9FEB2B}.Debug|x64.Build.0 = Debug|x64
		{5DFE5858-2BAA-48CB-8DBC-9DA48A9FEB2B}.Debug|x86.ActiveCfg = Debug|Win32
		{5DFE5858-2BAA-48CB-8DBC-9DA48A9FEB2B}.Debug|x86.Build.0 = Debug|Win32
		{5DFE5858-2BAA-48CB-8DBC-9DA48A9FEB2B}.Release|Mixed Platforms.ActiveCfg = Release|Win32
		{5DFE5858-2BAA-48CB-8DBC-9DA48A9FEB2B}.Release|Mixed Platforms.Build.0 = Release|Win32
		{5DFE5858-2BAA-48CB-8DBC-9DA48A9FEB2B}.Release|Win32.ActiveCfg = Release|Win32
		{5DFE5858-2BAA-48CB-8DBC-9DA48A9FEB2B}.Release|Win32.Build.0 = Release|Win32
		{5DFE5858-2BAA-48CB-8DBC-9DA48A9FEB2B}.Release|x64.ActiveCfg = Release|x64
		{5DFE5858-2BAA-48CB-8DBC-9DA48A9FEB2B}.Release|x64.Build.0 = Release|x64
		{5DFE5858-2BAA-48CB-8DBC-9DA48A9FEB2B}.Release|x86.ActiveCfg = Release|Win32
		{5DFE5858-2BAA-48CB-8DBC-9DA48A9FEB2B}.Release|x86.Build.0 = Release|Win32
		{2A3D8091-D2A8-4814-BD83-C42470BD0856}.Debug|Mixed Platforms.ActiveCfg = Debug|Win32
		{2A3D8091-D2A8-4814-BD83-C42470BD0856}.Debug|Mixed Platforms.Build.0 = Debug|Win32
		{2A3D8091-D2A8-4814-BD83-C42470BD0856}.Debug|Win32.ActiveCfg = Debug|Win32
		{2A3D8091-D2A8-4814-BD83-C42470BD0856}.Debug|Win32.Build.0 = Debug|Win32
		{2A3D8091-D2A8-4814-BD83-C42470BD0856}.Debug|x64.ActiveCfg = Debug|Win32
		{2A3D8091-D2A8-4814-BD83-C42470BD0856}.Debug|x86.ActiveCfg = Debug|Win32
		{2A3D8091-D2A8-4814-BD83-C42470BD0856}.Debug|x86.Build.0 = Debug|Win32
		{2A3D8091-D2A8-4814-BD83-C42470BD0856}.Release|Mixed Platforms.ActiveCfg = Release|Win32
		{2A3D8091-D2A8-4814-BD83-C42470BD0856}.Release|Mixed Platforms.Build.0 = Release|Win32
		{2A3D8091-D2A8-4814-BD83-C42470BD0856}.Release|Win32.ActiveCfg = Release|Win32
		{2A3D8091-D2A8-4814-BD83-C42470BD0856}.Release|Win32.Build.0 = Release|Win32
		{2A3D8091-D2A8-4814-BD83-C42470BD0856}.Release|x64.ActiveCfg = Release|Win32
		{2A3D8091-D2A8-4814-BD83-C42470BD0856}.Release|x86.ActiveCfg = Release|Win32
		{2A3D8091-D2A8-4814-BD83-C42470BD0856}.Release|x86.Build.0 = Release|Win32
	EndGlobalSection
	GlobalSection(SolutionProperties) = preSolution
		HideSolutionNode = FALSE
	EndGlobalSection
	GlobalSection(ExtensibilityGlobals) = postSolution
		SolutionGuid = {6C1D3DEF-5CA6-4B25-93E0-7A2E6F63AA90}
	EndGlobalSection
EndGlobal
